schema: '2.0'
stages:
  fetch_data_from_remote_source:
    cmd: python src/pipeline_01_get_data_from_remote_source.py --config params.yaml
    deps:
    - path: data/remote/winequality.csv
      hash: md5
      md5: ccc8d3507eb151f53f760d36abdef888
      size: 91998
    - path: src/pipeline_01_get_data_from_remote_source.py
      hash: md5
      md5: 33af075c8e0b979a27544e246e573868
      size: 1193
    - path: src/utils.py
      hash: md5
      md5: 58917a62992a66faef3f4f3daaa23b01
      size: 1795
    outs:
    - path: data/raw/winequality.csv
      hash: md5
      md5: 069b522b0321bc25a626ceeffcb8eb44
      size: 93598
  get_data_from_remote_source_and_save_it_in_local:
    cmd: python src/pipeline_01_get_data_from_remote_source.py --config params.yaml
    deps:
    - path: data/remote/winequality.csv
      hash: md5
      md5: ccc8d3507eb151f53f760d36abdef888
      size: 91998
    - path: src/pipeline_01_get_data_from_remote_source.py
      hash: md5
      md5: 1939b9fa0c9eafe315ee1dbf4c5b9e6e
      size: 1412
    - path: src/utils.py
      hash: md5
      md5: 72d0b6128d6e4c79233089b927618f7f
      size: 1701
    outs:
    - path: data/raw/winequality.csv
      hash: md5
      md5: 069b522b0321bc25a626ceeffcb8eb44
      size: 93598
  split_data_into_train_and_test_and_save:
    cmd: python src/pipeline_02_split_data_into_train_and_test.py --config params.yaml
    deps:
    - path: data/raw/winequality.csv
      hash: md5
      md5: 069b522b0321bc25a626ceeffcb8eb44
      size: 93598
    - path: src/pipeline_02_split_data_into_train_and_test.py
      hash: md5
      md5: 7a38b2aca9f9c282ca2794f3cca6ddf8
      size: 1729
    - path: src/utils.py
      hash: md5
      md5: 72d0b6128d6e4c79233089b927618f7f
      size: 1701
    outs:
    - path: data/processed/test_winequality.csv
      hash: md5
      md5: ee3284843265e5855bc07dd6427ab1c2
      size: 18831
    - path: data/processed/train_winequality.csv
      hash: md5
      md5: 81dce00e053ba5ebabeacf8e7dca537a
      size: 74913
  train_and_evaluate_model:
    cmd: python src/pipeline_03_train_and_evaluate_model.py --config params.yaml
    deps:
    - path: data/processed/test_winequality.csv
      hash: md5
      md5: ee3284843265e5855bc07dd6427ab1c2
      size: 18831
    - path: data/processed/train_winequality.csv
      hash: md5
      md5: 81dce00e053ba5ebabeacf8e7dca537a
      size: 74913
    - path: src/pipeline_03_train_and_evaluate_model.py
      hash: md5
      md5: 2dd6410308369f683ca6c3e76da71680
      size: 2655
    - path: src/utils.py
      hash: md5
      md5: 72d0b6128d6e4c79233089b927618f7f
      size: 1701
    params:
      params.yaml:
        estimators.ElasticNet.params.alpha: 0.9
        estimators.ElasticNet.params.l1_ratio: 0.4
    outs:
    - path: models/model.joblib
      hash: md5
      md5: 10f074b35bd35227d321b3e8d87ed54e
      size: 1279
    - path: reports/params.json
      hash: md5
      md5: 443ce921d72995d744e459d0213405d7
      size: 44
    - path: reports/scores.json
      hash: md5
      md5: 5cd8a2f801585bc183b001b1b8dfdf9d
      size: 101
